
Microsoft Visual Studio Solution File, Format Version 12.00
# Visual Studio Version 16
VisualStudioVersion = 16.0.29911.84
MinimumVisualStudioVersion = 10.0.40219.1
Project("{9A19103F-16F7-4668-BE54-9A1E7A4F7556}") = "API1", "API1\API1.csproj", "{2C8C155A-15C8-486B-AB72-99A1E35283D9}"
EndProject
Project("{9A19103F-16F7-4668-BE54-9A1E7A4F7556}") = "FrontEndApp1", "FrontEndApp1\FrontEndApp1.csproj", "{18465B4F-4977-45D9-8964-77CA8E38B74C}"
EndProject
Global
	GlobalSection(SolutionConfigurationPlatforms) = preSolution
		Debug|Any CPU = Debug|Any CPU
		Release|Any CPU = Release|Any CPU
	EndGlobalSection
	GlobalSection(ProjectConfigurationPlatforms) = postSolution
		{2C8C155A-15C8-486B-AB72-99A1E35283D9}.Debug|Any CPU.ActiveCfg = Debug|Any CPU
		{2C8C155A-15C8-486B-AB72-99A1E35283D9}.Debug|Any CPU.Build.0 = Debug|Any CPU
		{2C8C155A-15C8-486B-AB72-99A1E35283D9}.Release|Any CPU.ActiveCfg = Release|Any CPU
		{2C8C155A-15C8-486B-AB72-99A1E35283D9}.Release|Any CPU.Build.0 = Release|Any CPU
		{18465B4F-4977-45D9-8964-77CA8E38B74C}.Debug|Any CPU.ActiveCfg = Debug|Any CPU
		{18465B4F-4977-45D9-8964-77CA8E38B74C}.Debug|Any CPU.Build.0 = Debug|Any CPU
		{18465B4F-4977-45D9-8964-77CA8E38B74C}.Release|Any CPU.ActiveCfg = Release|Any CPU
		{18465B4F-4977-45D9-8964-77CA8E38B74C}.Release|Any CPU.Build.0 = Release|Any CPU
	EndGlobalSection
	GlobalSection(SolutionProperties) = preSolution
		HideSolutionNode = FALSE
	EndGlobalSection
	GlobalSection(ExtensibilityGlobals) = postSolution
		SolutionGuid = {EA5F32F6-E115-41F7-B70E-8C8D5D77F3AD}
	EndGlobalSection
EndGlobal
